{
    "_readme": [
        "This file locks the dependencies of your project to a known state",
        "Read more about it at https://getcomposer.org/doc/01-basic-usage.md#installing-dependencies",
        "This file is @generated automatically"
    ],
    "content-hash": "3ab35353f1b5bfccd6ebfd1ceee1de31",
    "packages": [
        {
            "name": "novutec/domainparser",
            "version": "v2.0.11",
            "source": {
                "type": "git",
                "url": "https://github.com/3name/DomainParser.git",
                "reference": "d33171d9c8e8ca754ec40dd87fbb75af47c58617"
            },
            "dist": {
                "type": "zip",
                "url": "https://api.github.com/repos/3name/DomainParser/zipball/d33171d9c8e8ca754ec40dd87fbb75af47c58617",
                "reference": "d33171d9c8e8ca754ec40dd87fbb75af47c58617",
                "shasum": ""
            },
            "require": {
                "ext-mbstring": "*",
                "ext-pcre": "*",
                "php": ">=5.6.0"
            },
            "type": "library",
            "autoload": {
                "psr-4": {
                    "Novutec\\DomainParser\\": "src"
                }
            },
            "notification-url": "https://packagist.org/downloads/",
            "license": [
                "Apache-2.0"
            ],
            "authors": [
                {
                    "name": "Novutec Inc."
                }
            ],
            "description": "A domain name parser to parse and to validate a domain name.",
            "homepage": "https://github.com/3name/DomainParser/",
            "keywords": [
                "domain",
                "domainparser",
                "php"
            ],
            "support": {
                "source": "https://github.com/3name/DomainParser/tree/v2.0.11"
            },
            "time": "2021-08-13T22:36:26+00:00"
        },
        {
            "name": "novutec/whoisparser",
            "version": "v3.2.13",
            "source": {
                "type": "git",
                "url": "https://github.com/3name/WhoisParser.git",
                "reference": "50981adfe18cb884e03ee3ae8dbb04888a65d17f"
            },
            "dist": {
                "type": "zip",
                "url": "https://api.github.com/repos/3name/WhoisParser/zipball/50981adfe18cb884e03ee3ae8dbb04888a65d17f",
                "reference": "50981adfe18cb884e03ee3ae8dbb04888a65d17f",
                "shasum": ""
            },
            "require": {
                "novutec/domainparser": ">=2.0.3"
            },
            "type": "library",
            "autoload": {
                "psr-4": {
                    "Novutec\\WhoisParser\\": ""
                }
            },
            "notification-url": "https://packagist.org/downloads/",
            "license": [
                "Apache-2.0"
            ],
            "description": "Lookup domain names, IP addresses and AS numbers by WHOIS.",
            "homepage": "https://github.com/3name/WhoisParser/",
            "keywords": [
                "php",
                "whois",
                "whoisparser"
            ],
            "support": {
                "source": "https://github.com/3name/WhoisParser/tree/v3.2.13"
            },
            "time": "2021-08-13T23:39:37+00:00"
        }
    ],
    "packages-dev": [
        {
            "name": "phpstan/phpstan",
            "version": "1.1.1",
            "source": {
                "type": "git",
                "url": "https://github.com/phpstan/phpstan.git",
                "reference": "cb317029197236c571c1b9305b8dd12850d8d85c"
            },
            "dist": {
                "type": "zip",
                "url": "https://api.github.com/repos/phpstan/phpstan/zipball/cb317029197236c571c1b9305b8dd12850d8d85c",
                "reference": "cb317029197236c571c1b9305b8dd12850d8d85c",
                "shasum": ""
            },
            "require": {
                "php": "^7.1|^8.0"
            },
            "conflict": {
                "phpstan/phpstan-shim": "*"
            },
            "bin": [
                "phpstan",
                "phpstan.phar"
            ],
            "type": "library",
            "extra": {
                "branch-alias": {
                    "dev-master": "1.0-dev"
                }
            },
            "autoload": {
                "files": [
                    "bootstrap.php"
                ]
            },
            "notification-url": "https://packagist.org/downloads/",
            "license": [
                "MIT"
            ],
            "description": "PHPStan - PHP Static Analysis Tool",
            "support": {
                "issues": "https://github.com/phpstan/phpstan/issues",
                "source": "https://github.com/phpstan/phpstan/tree/1.1.1"
            },
            "funding": [
                {
                    "url": "https://github.com/ondrejmirtes",
                    "type": "github"
                },
                {
                    "url": "https://github.com/phpstan",
                    "type": "github"
                },
                {
                    "url": "https://www.patreon.com/phpstan",
                    "type": "patreon"
                },
                {
                    "url": "https://tidelift.com/funding/github/packagist/phpstan/phpstan",
                    "type": "tidelift"
                }
            ],
            "time": "2021-11-06T22:46:47+00:00"
        }
    ],
    "aliases": [],
    "minimum-stability": "stable",
    "stability-flags": [],
    "prefer-stable": false,
    "prefer-lowest": false,
    "platform": [],
    "platform-dev": [],
    "plugin-api-version": "2.1.0"
}
